
Microsoft Visual Studio Solution File, Format Version 12.00
# Visual Studio 15
VisualStudioVersion = 15.0.27130.2010
MinimumVisualStudioVersion = 10.0.40219.1
Project("{FAE04EC0-301F-11D3-BF4B-00C04F79EFBC}") = "Nuf", "Nuf\Nuf.csproj", "{B3716F8E-C404-4F30-A018-CCADE6CE53D7}"
EndProject
Project("{FAE04EC0-301F-11D3-BF4B-00C04F79EFBC}") = "Nuf.UnitTest", "Nuf.UnitTest\Nuf.UnitTest.csproj", "{65D547D7-09EF-465E-ABC7-03B42563BCF3}"
EndProject
Project("{2150E333-8FDC-42A3-9474-1A3956D46DE8}") = "Solution Items", "Solution Items", "{E2C79231-ADFF-42C5-A33E-FD1BD6B9CB65}"
	ProjectSection(SolutionItems) = preProject
		.gitignore = .gitignore
		notes.md = notes.md
	EndProjectSection
EndProject
Project("{FAE04EC0-301F-11D3-BF4B-00C04F79EFBC}") = "Fun", "Fun\Fun.csproj", "{99911480-25E3-407C-B1E4-DCF62212A143}"
EndProject
Project("{FAE04EC0-301F-11D3-BF4B-00C04F79EFBC}") = "Fun.UnitTest", "Fun.UnitTest\Fun.UnitTest.csproj", "{61588FE8-E2A2-49E9-9A76-C3FAF7D6CAD9}"
EndProject
Project("{FAE04EC0-301F-11D3-BF4B-00C04F79EFBC}") = "NufBc", "NufBc\NufBc.csproj", "{85742ECA-2892-4615-A38A-EA6D1E7F1B5D}"
EndProject
Global
	GlobalSection(SolutionConfigurationPlatforms) = preSolution
		Debug|Any CPU = Debug|Any CPU
		Release|Any CPU = Release|Any CPU
	EndGlobalSection
	GlobalSection(ProjectConfigurationPlatforms) = postSolution
		{B3716F8E-C404-4F30-A018-CCADE6CE53D7}.Debug|Any CPU.ActiveCfg = Debug|Any CPU
		{B3716F8E-C404-4F30-A018-CCADE6CE53D7}.Debug|Any CPU.Build.0 = Debug|Any CPU
		{B3716F8E-C404-4F30-A018-CCADE6CE53D7}.Release|Any CPU.ActiveCfg = Release|Any CPU
		{B3716F8E-C404-4F30-A018-CCADE6CE53D7}.Release|Any CPU.Build.0 = Release|Any CPU
		{65D547D7-09EF-465E-ABC7-03B42563BCF3}.Debug|Any CPU.ActiveCfg = Debug|Any CPU
		{65D547D7-09EF-465E-ABC7-03B42563BCF3}.Debug|Any CPU.Build.0 = Debug|Any CPU
		{65D547D7-09EF-465E-ABC7-03B42563BCF3}.Release|Any CPU.ActiveCfg = Release|Any CPU
		{65D547D7-09EF-465E-ABC7-03B42563BCF3}.Release|Any CPU.Build.0 = Release|Any CPU
		{99911480-25E3-407C-B1E4-DCF62212A143}.Debug|Any CPU.ActiveCfg = Debug|Any CPU
		{99911480-25E3-407C-B1E4-DCF62212A143}.Debug|Any CPU.Build.0 = Debug|Any CPU
		{99911480-25E3-407C-B1E4-DCF62212A143}.Release|Any CPU.ActiveCfg = Release|Any CPU
		{99911480-25E3-407C-B1E4-DCF62212A143}.Release|Any CPU.Build.0 = Release|Any CPU
		{61588FE8-E2A2-49E9-9A76-C3FAF7D6CAD9}.Debug|Any CPU.ActiveCfg = Debug|Any CPU
		{61588FE8-E2A2-49E9-9A76-C3FAF7D6CAD9}.Debug|Any CPU.Build.0 = Debug|Any CPU
		{61588FE8-E2A2-49E9-9A76-C3FAF7D6CAD9}.Release|Any CPU.ActiveCfg = Release|Any CPU
		{61588FE8-E2A2-49E9-9A76-C3FAF7D6CAD9}.Release|Any CPU.Build.0 = Release|Any CPU
		{85742ECA-2892-4615-A38A-EA6D1E7F1B5D}.Debug|Any CPU.ActiveCfg = Debug|Any CPU
		{85742ECA-2892-4615-A38A-EA6D1E7F1B5D}.Debug|Any CPU.Build.0 = Debug|Any CPU
		{85742ECA-2892-4615-A38A-EA6D1E7F1B5D}.Release|Any CPU.ActiveCfg = Release|Any CPU
		{85742ECA-2892-4615-A38A-EA6D1E7F1B5D}.Release|Any CPU.Build.0 = Release|Any CPU
	EndGlobalSection
	GlobalSection(SolutionProperties) = preSolution
		HideSolutionNode = FALSE
	EndGlobalSection
	GlobalSection(ExtensibilityGlobals) = postSolution
		SolutionGuid = {EC27AA5E-7425-4C9F-8DCC-4854A842DF8B}
	EndGlobalSection
EndGlobal
